
Microsoft Visual Studio Solution File, Format Version 12.00
# Visual Studio Version 16
VisualStudioVersion = 16.0.33027.164
MinimumVisualStudioVersion = 10.0.40219.1
Project("{9A19103F-16F7-4668-BE54-9A1E7A4F7556}") = "1.", "1\1..csproj", "{063D6E97-E03D-4500-8DB4-B5D174254DB5}"
EndProject
Project("{9A19103F-16F7-4668-BE54-9A1E7A4F7556}") = "2.", "2\2..csproj", "{D380C871-18C2-4490-8657-22301DB70258}"
EndProject
Project("{9A19103F-16F7-4668-BE54-9A1E7A4F7556}") = "3.", "3\3..csproj", "{0B111152-C20F-41E5-9649-41A523A17C1B}"
EndProject
Global
	GlobalSection(SolutionConfigurationPlatforms) = preSolution
		Debug|Any CPU = Debug|Any CPU
		Release|Any CPU = Release|Any CPU
	EndGlobalSection
	GlobalSection(ProjectConfigurationPlatforms) = postSolution
		{063D6E97-E03D-4500-8DB4-B5D174254DB5}.Debug|Any CPU.ActiveCfg = Debug|Any CPU
		{063D6E97-E03D-4500-8DB4-B5D174254DB5}.Debug|Any CPU.Build.0 = Debug|Any CPU
		{063D6E97-E03D-4500-8DB4-B5D174254DB5}.Release|Any CPU.ActiveCfg = Release|Any CPU
		{063D6E97-E03D-4500-8DB4-B5D174254DB5}.Release|Any CPU.Build.0 = Release|Any CPU
		{D380C871-18C2-4490-8657-22301DB70258}.Debug|Any CPU.ActiveCfg = Debug|Any CPU
		{D380C871-18C2-4490-8657-22301DB70258}.Debug|Any CPU.Build.0 = Debug|Any CPU
		{D380C871-18C2-4490-8657-22301DB70258}.Release|Any CPU.ActiveCfg = Release|Any CPU
		{D380C871-18C2-4490-8657-22301DB70258}.Release|Any CPU.Build.0 = Release|Any CPU
		{0B111152-C20F-41E5-9649-41A523A17C1B}.Debug|Any CPU.ActiveCfg = Debug|Any CPU
		{0B111152-C20F-41E5-9649-41A523A17C1B}.Debug|Any CPU.Build.0 = Debug|Any CPU
		{0B111152-C20F-41E5-9649-41A523A17C1B}.Release|Any CPU.ActiveCfg = Release|Any CPU
		{0B111152-C20F-41E5-9649-41A523A17C1B}.Release|Any CPU.Build.0 = Release|Any CPU
	EndGlobalSection
	GlobalSection(SolutionProperties) = preSolution
		HideSolutionNode = FALSE
	EndGlobalSection
	GlobalSection(ExtensibilityGlobals) = postSolution
		SolutionGuid = {CE084F84-CD45-49B8-AA95-EA11AE474166}
	EndGlobalSection
EndGlobal
