
Microsoft Visual Studio Solution File, Format Version 12.00
# Visual Studio Version 16
VisualStudioVersion = 16.0.33027.164
MinimumVisualStudioVersion = 10.0.40219.1
Project("{FAE04EC0-301F-11D3-BF4B-00C04F79EFBC}") = "1. Activation Keys", "1. Activation Keys\1. Activation Keys.csproj", "{F9ECD4ED-45C9-440C-9BA5-30F54BE33890}"
EndProject
Project("{FAE04EC0-301F-11D3-BF4B-00C04F79EFBC}") = "2. Emoji Detector", "2. Emoji Detector\2. Emoji Detector.csproj", "{A60E13CC-A2EB-4886-8C8D-F7576FB1F61B}"
EndProject
Project("{FAE04EC0-301F-11D3-BF4B-00C04F79EFBC}") = "3. Heroes of Code and Logic VII", "3. Heroes of Code and Logic VII\3. Heroes of Code and Logic VII.csproj", "{E3274725-1B69-4CB8-8695-327B78B7AAA3}"
EndProject
Global
	GlobalSection(SolutionConfigurationPlatforms) = preSolution
		Debug|Any CPU = Debug|Any CPU
		Release|Any CPU = Release|Any CPU
	EndGlobalSection
	GlobalSection(ProjectConfigurationPlatforms) = postSolution
		{F9ECD4ED-45C9-440C-9BA5-30F54BE33890}.Debug|Any CPU.ActiveCfg = Debug|Any CPU
		{F9ECD4ED-45C9-440C-9BA5-30F54BE33890}.Debug|Any CPU.Build.0 = Debug|Any CPU
		{F9ECD4ED-45C9-440C-9BA5-30F54BE33890}.Release|Any CPU.ActiveCfg = Release|Any CPU
		{F9ECD4ED-45C9-440C-9BA5-30F54BE33890}.Release|Any CPU.Build.0 = Release|Any CPU
		{A60E13CC-A2EB-4886-8C8D-F7576FB1F61B}.Debug|Any CPU.ActiveCfg = Debug|Any CPU
		{A60E13CC-A2EB-4886-8C8D-F7576FB1F61B}.Debug|Any CPU.Build.0 = Debug|Any CPU
		{A60E13CC-A2EB-4886-8C8D-F7576FB1F61B}.Release|Any CPU.ActiveCfg = Release|Any CPU
		{A60E13CC-A2EB-4886-8C8D-F7576FB1F61B}.Release|Any CPU.Build.0 = Release|Any CPU
		{E3274725-1B69-4CB8-8695-327B78B7AAA3}.Debug|Any CPU.ActiveCfg = Debug|Any CPU
		{E3274725-1B69-4CB8-8695-327B78B7AAA3}.Debug|Any CPU.Build.0 = Debug|Any CPU
		{E3274725-1B69-4CB8-8695-327B78B7AAA3}.Release|Any CPU.ActiveCfg = Release|Any CPU
		{E3274725-1B69-4CB8-8695-327B78B7AAA3}.Release|Any CPU.Build.0 = Release|Any CPU
	EndGlobalSection
	GlobalSection(SolutionProperties) = preSolution
		HideSolutionNode = FALSE
	EndGlobalSection
	GlobalSection(ExtensibilityGlobals) = postSolution
		SolutionGuid = {B94B5BD1-3CDF-407C-BFD7-9C4803AD3017}
	EndGlobalSection
EndGlobal
