
Microsoft Visual Studio Solution File, Format Version 12.00
# Visual Studio Version 16
VisualStudioVersion = 16.0.33027.164
MinimumVisualStudioVersion = 10.0.40219.1
Project("{FAE04EC0-301F-11D3-BF4B-00C04F79EFBC}") = "01. Reverse Strings", "01. Reverse Strings\01. Reverse Strings.csproj", "{7DE682F5-3089-41D7-89A2-9473E2F64C38}"
EndProject
Project("{FAE04EC0-301F-11D3-BF4B-00C04F79EFBC}") = "02. Repeat Strings", "02. Repeat Strings\02. Repeat Strings.csproj", "{57568334-B238-4F4C-AADA-43B2584CE998}"
EndProject
Project("{FAE04EC0-301F-11D3-BF4B-00C04F79EFBC}") = "03. Substring", "03. Substring\03. Substring.csproj", "{7AEA47BA-2F15-437A-BAAE-6467C44C7A66}"
EndProject
Project("{FAE04EC0-301F-11D3-BF4B-00C04F79EFBC}") = "04. Text Filter", "04. Text Filter\04. Text Filter.csproj", "{8897118E-F9AB-4432-A1B3-367A96ABE1E3}"
EndProject
Project("{FAE04EC0-301F-11D3-BF4B-00C04F79EFBC}") = "05. Digits, Letters Other", "05. Digits, Letters Other\05. Digits, Letters Other.csproj", "{1DC9B367-FA8B-4E1F-A451-3EDEF48B2879}"
EndProject
Global
	GlobalSection(SolutionConfigurationPlatforms) = preSolution
		Debug|Any CPU = Debug|Any CPU
		Release|Any CPU = Release|Any CPU
	EndGlobalSection
	GlobalSection(ProjectConfigurationPlatforms) = postSolution
		{7DE682F5-3089-41D7-89A2-9473E2F64C38}.Debug|Any CPU.ActiveCfg = Debug|Any CPU
		{7DE682F5-3089-41D7-89A2-9473E2F64C38}.Debug|Any CPU.Build.0 = Debug|Any CPU
		{7DE682F5-3089-41D7-89A2-9473E2F64C38}.Release|Any CPU.ActiveCfg = Release|Any CPU
		{7DE682F5-3089-41D7-89A2-9473E2F64C38}.Release|Any CPU.Build.0 = Release|Any CPU
		{57568334-B238-4F4C-AADA-43B2584CE998}.Debug|Any CPU.ActiveCfg = Debug|Any CPU
		{57568334-B238-4F4C-AADA-43B2584CE998}.Debug|Any CPU.Build.0 = Debug|Any CPU
		{57568334-B238-4F4C-AADA-43B2584CE998}.Release|Any CPU.ActiveCfg = Release|Any CPU
		{57568334-B238-4F4C-AADA-43B2584CE998}.Release|Any CPU.Build.0 = Release|Any CPU
		{7AEA47BA-2F15-437A-BAAE-6467C44C7A66}.Debug|Any CPU.ActiveCfg = Debug|Any CPU
		{7AEA47BA-2F15-437A-BAAE-6467C44C7A66}.Debug|Any CPU.Build.0 = Debug|Any CPU
		{7AEA47BA-2F15-437A-BAAE-6467C44C7A66}.Release|Any CPU.ActiveCfg = Release|Any CPU
		{7AEA47BA-2F15-437A-BAAE-6467C44C7A66}.Release|Any CPU.Build.0 = Release|Any CPU
		{8897118E-F9AB-4432-A1B3-367A96ABE1E3}.Debug|Any CPU.ActiveCfg = Debug|Any CPU
		{8897118E-F9AB-4432-A1B3-367A96ABE1E3}.Debug|Any CPU.Build.0 = Debug|Any CPU
		{8897118E-F9AB-4432-A1B3-367A96ABE1E3}.Release|Any CPU.ActiveCfg = Release|Any CPU
		{8897118E-F9AB-4432-A1B3-367A96ABE1E3}.Release|Any CPU.Build.0 = Release|Any CPU
		{1DC9B367-FA8B-4E1F-A451-3EDEF48B2879}.Debug|Any CPU.ActiveCfg = Debug|Any CPU
		{1DC9B367-FA8B-4E1F-A451-3EDEF48B2879}.Debug|Any CPU.Build.0 = Debug|Any CPU
		{1DC9B367-FA8B-4E1F-A451-3EDEF48B2879}.Release|Any CPU.ActiveCfg = Release|Any CPU
		{1DC9B367-FA8B-4E1F-A451-3EDEF48B2879}.Release|Any CPU.Build.0 = Release|Any CPU
	EndGlobalSection
	GlobalSection(SolutionProperties) = preSolution
		HideSolutionNode = FALSE
	EndGlobalSection
	GlobalSection(ExtensibilityGlobals) = postSolution
		SolutionGuid = {6BBCF83A-3479-491D-ADEB-067FC2F3D941}
	EndGlobalSection
EndGlobal
