
Microsoft Visual Studio Solution File, Format Version 12.00
# Visual Studio Version 16
VisualStudioVersion = 16.0.33027.164
MinimumVisualStudioVersion = 10.0.40219.1
Project("{FAE04EC0-301F-11D3-BF4B-00C04F79EFBC}") = "01. Sum Adjacent Equal Numbers", "01. Sum Adjacent Equal Numbers\01. Sum Adjacent Equal Numbers.csproj", "{06CFA845-2842-4D0C-9FF8-0833E3D68B8E}"
EndProject
Project("{FAE04EC0-301F-11D3-BF4B-00C04F79EFBC}") = "02. Gauss' Trick", "02. Gauss' Trick\02. Gauss' Trick.csproj", "{01DE47DC-3172-4AD1-81BD-9D763FAFAFA9}"
EndProject
Project("{FAE04EC0-301F-11D3-BF4B-00C04F79EFBC}") = "03. Merging Lists", "03. Merging Lists\03. Merging Lists.csproj", "{5956FC1D-2DDD-4894-9883-F709E3E7E46A}"
EndProject
Project("{FAE04EC0-301F-11D3-BF4B-00C04F79EFBC}") = "04. List of Products", "04. List of Products\04. List of Products.csproj", "{9B991364-A5F9-4181-98A4-0E697B2E4BC7}"
EndProject
Project("{FAE04EC0-301F-11D3-BF4B-00C04F79EFBC}") = "05. Remove Negatives and Reverse", "05. Remove Negatives and Reverse\05. Remove Negatives and Reverse.csproj", "{69BC0183-599B-483C-99A4-FBD1AAE50BD2}"
EndProject
Project("{FAE04EC0-301F-11D3-BF4B-00C04F79EFBC}") = "06. List Manipulation Basics", "06. List Manipulation Basics\06. List Manipulation Basics.csproj", "{EF16B484-4133-4B2F-8501-029BAD891852}"
EndProject
Project("{FAE04EC0-301F-11D3-BF4B-00C04F79EFBC}") = "07. List Manipulation Advanced", "07. List Manipulation Advanced\07. List Manipulation Advanced.csproj", "{092BCAED-66F4-4FD5-B7ED-EDDBE8C292D8}"
EndProject
Global
	GlobalSection(SolutionConfigurationPlatforms) = preSolution
		Debug|Any CPU = Debug|Any CPU
		Release|Any CPU = Release|Any CPU
	EndGlobalSection
	GlobalSection(ProjectConfigurationPlatforms) = postSolution
		{06CFA845-2842-4D0C-9FF8-0833E3D68B8E}.Debug|Any CPU.ActiveCfg = Debug|Any CPU
		{06CFA845-2842-4D0C-9FF8-0833E3D68B8E}.Debug|Any CPU.Build.0 = Debug|Any CPU
		{06CFA845-2842-4D0C-9FF8-0833E3D68B8E}.Release|Any CPU.ActiveCfg = Release|Any CPU
		{06CFA845-2842-4D0C-9FF8-0833E3D68B8E}.Release|Any CPU.Build.0 = Release|Any CPU
		{01DE47DC-3172-4AD1-81BD-9D763FAFAFA9}.Debug|Any CPU.ActiveCfg = Debug|Any CPU
		{01DE47DC-3172-4AD1-81BD-9D763FAFAFA9}.Debug|Any CPU.Build.0 = Debug|Any CPU
		{01DE47DC-3172-4AD1-81BD-9D763FAFAFA9}.Release|Any CPU.ActiveCfg = Release|Any CPU
		{01DE47DC-3172-4AD1-81BD-9D763FAFAFA9}.Release|Any CPU.Build.0 = Release|Any CPU
		{5956FC1D-2DDD-4894-9883-F709E3E7E46A}.Debug|Any CPU.ActiveCfg = Debug|Any CPU
		{5956FC1D-2DDD-4894-9883-F709E3E7E46A}.Debug|Any CPU.Build.0 = Debug|Any CPU
		{5956FC1D-2DDD-4894-9883-F709E3E7E46A}.Release|Any CPU.ActiveCfg = Release|Any CPU
		{5956FC1D-2DDD-4894-9883-F709E3E7E46A}.Release|Any CPU.Build.0 = Release|Any CPU
		{9B991364-A5F9-4181-98A4-0E697B2E4BC7}.Debug|Any CPU.ActiveCfg = Debug|Any CPU
		{9B991364-A5F9-4181-98A4-0E697B2E4BC7}.Debug|Any CPU.Build.0 = Debug|Any CPU
		{9B991364-A5F9-4181-98A4-0E697B2E4BC7}.Release|Any CPU.ActiveCfg = Release|Any CPU
		{9B991364-A5F9-4181-98A4-0E697B2E4BC7}.Release|Any CPU.Build.0 = Release|Any CPU
		{69BC0183-599B-483C-99A4-FBD1AAE50BD2}.Debug|Any CPU.ActiveCfg = Debug|Any CPU
		{69BC0183-599B-483C-99A4-FBD1AAE50BD2}.Debug|Any CPU.Build.0 = Debug|Any CPU
		{69BC0183-599B-483C-99A4-FBD1AAE50BD2}.Release|Any CPU.ActiveCfg = Release|Any CPU
		{69BC0183-599B-483C-99A4-FBD1AAE50BD2}.Release|Any CPU.Build.0 = Release|Any CPU
		{EF16B484-4133-4B2F-8501-029BAD891852}.Debug|Any CPU.ActiveCfg = Debug|Any CPU
		{EF16B484-4133-4B2F-8501-029BAD891852}.Debug|Any CPU.Build.0 = Debug|Any CPU
		{EF16B484-4133-4B2F-8501-029BAD891852}.Release|Any CPU.ActiveCfg = Release|Any CPU
		{EF16B484-4133-4B2F-8501-029BAD891852}.Release|Any CPU.Build.0 = Release|Any CPU
		{092BCAED-66F4-4FD5-B7ED-EDDBE8C292D8}.Debug|Any CPU.ActiveCfg = Debug|Any CPU
		{092BCAED-66F4-4FD5-B7ED-EDDBE8C292D8}.Debug|Any CPU.Build.0 = Debug|Any CPU
		{092BCAED-66F4-4FD5-B7ED-EDDBE8C292D8}.Release|Any CPU.ActiveCfg = Release|Any CPU
		{092BCAED-66F4-4FD5-B7ED-EDDBE8C292D8}.Release|Any CPU.Build.0 = Release|Any CPU
	EndGlobalSection
	GlobalSection(SolutionProperties) = preSolution
		HideSolutionNode = FALSE
	EndGlobalSection
	GlobalSection(ExtensibilityGlobals) = postSolution
		SolutionGuid = {561D5FDD-3911-46FA-9D08-0DB2DD138C95}
	EndGlobalSection
EndGlobal
